
Microsoft Visual Studio Solution File, Format Version 12.00
# Visual Studio Version 17
VisualStudioVersion = 17.5.2.0
MinimumVisualStudioVersion = 10.0.40219.1
Project("{FAE04EC0-301F-11D3-BF4B-00C04F79EFBC}") = "B1", "B1\B1.csproj", "{82A01BC6-3D01-87D2-6A79-475398493134}"
EndProject
Project("{FAE04EC0-301F-11D3-BF4B-00C04F79EFBC}") = "B2", "B2\B2.csproj", "{4FD428E5-9A20-8BFC-2E3D-D28DBA79367E}"
EndProject
Project("{FAE04EC0-301F-11D3-BF4B-00C04F79EFBC}") = "B3", "B3\B3.csproj", "{60F21131-7BFB-4AC1-B6B0-F40A87484F5F}"
EndProject
Project("{FAE04EC0-301F-11D3-BF4B-00C04F79EFBC}") = "B4", "B4\B4.csproj", "{2B653080-76C2-452E-8AD6-F0062CB998FA}"
EndProject
Project("{FAE04EC0-301F-11D3-BF4B-00C04F79EFBC}") = "B5", "B5\B5.csproj", "{F91A07FB-BA1F-40BB-A02C-156A9E9DE0FE}"
EndProject
Project("{FAE04EC0-301F-11D3-BF4B-00C04F79EFBC}") = "B6", "B6\B6.csproj", "{3E5A47CF-4655-47A7-9BC9-BE1466C8EE7A}"
EndProject
Project("{FAE04EC0-301F-11D3-BF4B-00C04F79EFBC}") = "BG", "BG\BG.csproj", "{6B745923-64BD-4609-96CE-E26F86382547}"
EndProject
Project("{FAE04EC0-301F-11D3-BF4B-00C04F79EFBC}") = "B7", "B7\B7.csproj", "{1F1D3BA7-5D03-4859-9183-B5D62D43DE4D}"
EndProject
Project("{FAE04EC0-301F-11D3-BF4B-00C04F79EFBC}") = "B8", "B8\B8.csproj", "{49BABCF9-5428-4943-9145-FBFB52A55755}"
EndProject
Project("{2150E333-8FDC-42A3-9474-1A3956D46DE8}") = "ForReview", "ForReview", "{2720D787-EF6C-C77B-5BD3-B94404C41FD0}"
EndProject
Project("{FAE04EC0-301F-11D3-BF4B-00C04F79EFBC}") = "Batman", "ForReview\Batman\Batman.csproj", "{0DC08032-F2A1-42A5-A128-84796DCF63B3}"
EndProject
Project("{FAE04EC0-301F-11D3-BF4B-00C04F79EFBC}") = "Titanic", "ForReview\Titanic\Titanic.csproj", "{00E2C73F-CB61-4B54-99EE-A6BA52277480}"
EndProject
Project("{2150E333-8FDC-42A3-9474-1A3956D46DE8}") = "GOT", "GOT", "{464E308B-4E40-A211-01B1-94BA5B42B88C}"
EndProject
Project("{FAE04EC0-301F-11D3-BF4B-00C04F79EFBC}") = "GOTgame", "ForReview\GOTgame\GOTgame.csproj", "{2F4B132D-0E55-4386-8182-3EBD72FCF1BF}"
EndProject
Global
	GlobalSection(SolutionConfigurationPlatforms) = preSolution
		Debug|Any CPU = Debug|Any CPU
		Debug|x64 = Debug|x64
		Debug|x86 = Debug|x86
		Release|Any CPU = Release|Any CPU
		Release|x64 = Release|x64
		Release|x86 = Release|x86
	EndGlobalSection
	GlobalSection(ProjectConfigurationPlatforms) = postSolution
		{82A01BC6-3D01-87D2-6A79-475398493134}.Debug|Any CPU.ActiveCfg = Debug|Any CPU
		{82A01BC6-3D01-87D2-6A79-475398493134}.Debug|Any CPU.Build.0 = Debug|Any CPU
		{82A01BC6-3D01-87D2-6A79-475398493134}.Debug|x64.ActiveCfg = Debug|Any CPU
		{82A01BC6-3D01-87D2-6A79-475398493134}.Debug|x64.Build.0 = Debug|Any CPU
		{82A01BC6-3D01-87D2-6A79-475398493134}.Debug|x86.ActiveCfg = Debug|Any CPU
		{82A01BC6-3D01-87D2-6A79-475398493134}.Debug|x86.Build.0 = Debug|Any CPU
		{82A01BC6-3D01-87D2-6A79-475398493134}.Release|Any CPU.ActiveCfg = Release|Any CPU
		{82A01BC6-3D01-87D2-6A79-475398493134}.Release|Any CPU.Build.0 = Release|Any CPU
		{82A01BC6-3D01-87D2-6A79-475398493134}.Release|x64.ActiveCfg = Release|Any CPU
		{82A01BC6-3D01-87D2-6A79-475398493134}.Release|x64.Build.0 = Release|Any CPU
		{82A01BC6-3D01-87D2-6A79-475398493134}.Release|x86.ActiveCfg = Release|Any CPU
		{82A01BC6-3D01-87D2-6A79-475398493134}.Release|x86.Build.0 = Release|Any CPU
		{4FD428E5-9A20-8BFC-2E3D-D28DBA79367E}.Debug|Any CPU.ActiveCfg = Debug|Any CPU
		{4FD428E5-9A20-8BFC-2E3D-D28DBA79367E}.Debug|Any CPU.Build.0 = Debug|Any CPU
		{4FD428E5-9A20-8BFC-2E3D-D28DBA79367E}.Debug|x64.ActiveCfg = Debug|Any CPU
		{4FD428E5-9A20-8BFC-2E3D-D28DBA79367E}.Debug|x64.Build.0 = Debug|Any CPU
		{4FD428E5-9A20-8BFC-2E3D-D28DBA79367E}.Debug|x86.ActiveCfg = Debug|Any CPU
		{4FD428E5-9A20-8BFC-2E3D-D28DBA79367E}.Debug|x86.Build.0 = Debug|Any CPU
		{4FD428E5-9A20-8BFC-2E3D-D28DBA79367E}.Release|Any CPU.ActiveCfg = Release|Any CPU
		{4FD428E5-9A20-8BFC-2E3D-D28DBA79367E}.Release|Any CPU.Build.0 = Release|Any CPU
		{4FD428E5-9A20-8BFC-2E3D-D28DBA79367E}.Release|x64.ActiveCfg = Release|Any CPU
		{4FD428E5-9A20-8BFC-2E3D-D28DBA79367E}.Release|x64.Build.0 = Release|Any CPU
		{4FD428E5-9A20-8BFC-2E3D-D28DBA79367E}.Release|x86.ActiveCfg = Release|Any CPU
		{4FD428E5-9A20-8BFC-2E3D-D28DBA79367E}.Release|x86.Build.0 = Release|Any CPU
		{60F21131-7BFB-4AC1-B6B0-F40A87484F5F}.Debug|Any CPU.ActiveCfg = Debug|Any CPU
		{60F21131-7BFB-4AC1-B6B0-F40A87484F5F}.Debug|Any CPU.Build.0 = Debug|Any CPU
		{60F21131-7BFB-4AC1-B6B0-F40A87484F5F}.Debug|x64.ActiveCfg = Debug|Any CPU
		{60F21131-7BFB-4AC1-B6B0-F40A87484F5F}.Debug|x64.Build.0 = Debug|Any CPU
		{60F21131-7BFB-4AC1-B6B0-F40A87484F5F}.Debug|x86.ActiveCfg = Debug|Any CPU
		{60F21131-7BFB-4AC1-B6B0-F40A87484F5F}.Debug|x86.Build.0 = Debug|Any CPU
		{60F21131-7BFB-4AC1-B6B0-F40A87484F5F}.Release|Any CPU.ActiveCfg = Release|Any CPU
		{60F21131-7BFB-4AC1-B6B0-F40A87484F5F}.Release|Any CPU.Build.0 = Release|Any CPU
		{60F21131-7BFB-4AC1-B6B0-F40A87484F5F}.Release|x64.ActiveCfg = Release|Any CPU
		{60F21131-7BFB-4AC1-B6B0-F40A87484F5F}.Release|x64.Build.0 = Release|Any CPU
		{60F21131-7BFB-4AC1-B6B0-F40A87484F5F}.Release|x86.ActiveCfg = Release|Any CPU
		{60F21131-7BFB-4AC1-B6B0-F40A87484F5F}.Release|x86.Build.0 = Release|Any CPU
		{2B653080-76C2-452E-8AD6-F0062CB998FA}.Debug|Any CPU.ActiveCfg = Debug|Any CPU
		{2B653080-76C2-452E-8AD6-F0062CB998FA}.Debug|Any CPU.Build.0 = Debug|Any CPU
		{2B653080-76C2-452E-8AD6-F0062CB998FA}.Debug|x64.ActiveCfg = Debug|Any CPU
		{2B653080-76C2-452E-8AD6-F0062CB998FA}.Debug|x64.Build.0 = Debug|Any CPU
		{2B653080-76C2-452E-8AD6-F0062CB998FA}.Debug|x86.ActiveCfg = Debug|Any CPU
		{2B653080-76C2-452E-8AD6-F0062CB998FA}.Debug|x86.Build.0 = Debug|Any CPU
		{2B653080-76C2-452E-8AD6-F0062CB998FA}.Release|Any CPU.ActiveCfg = Release|Any CPU
		{2B653080-76C2-452E-8AD6-F0062CB998FA}.Release|Any CPU.Build.0 = Release|Any CPU
		{2B653080-76C2-452E-8AD6-F0062CB998FA}.Release|x64.ActiveCfg = Release|Any CPU
		{2B653080-76C2-452E-8AD6-F0062CB998FA}.Release|x64.Build.0 = Release|Any CPU
		{2B653080-76C2-452E-8AD6-F0062CB998FA}.Release|x86.ActiveCfg = Release|Any CPU
		{2B653080-76C2-452E-8AD6-F0062CB998FA}.Release|x86.Build.0 = Release|Any CPU
		{F91A07FB-BA1F-40BB-A02C-156A9E9DE0FE}.Debug|Any CPU.ActiveCfg = Debug|Any CPU
		{F91A07FB-BA1F-40BB-A02C-156A9E9DE0FE}.Debug|Any CPU.Build.0 = Debug|Any CPU
		{F91A07FB-BA1F-40BB-A02C-156A9E9DE0FE}.Debug|x64.ActiveCfg = Debug|Any CPU
		{F91A07FB-BA1F-40BB-A02C-156A9E9DE0FE}.Debug|x64.Build.0 = Debug|Any CPU
		{F91A07FB-BA1F-40BB-A02C-156A9E9DE0FE}.Debug|x86.ActiveCfg = Debug|Any CPU
		{F91A07FB-BA1F-40BB-A02C-156A9E9DE0FE}.Debug|x86.Build.0 = Debug|Any CPU
		{F91A07FB-BA1F-40BB-A02C-156A9E9DE0FE}.Release|Any CPU.ActiveCfg = Release|Any CPU
		{F91A07FB-BA1F-40BB-A02C-156A9E9DE0FE}.Release|Any CPU.Build.0 = Release|Any CPU
		{F91A07FB-BA1F-40BB-A02C-156A9E9DE0FE}.Release|x64.ActiveCfg = Release|Any CPU
		{F91A07FB-BA1F-40BB-A02C-156A9E9DE0FE}.Release|x64.Build.0 = Release|Any CPU
		{F91A07FB-BA1F-40BB-A02C-156A9E9DE0FE}.Release|x86.ActiveCfg = Release|Any CPU
		{F91A07FB-BA1F-40BB-A02C-156A9E9DE0FE}.Release|x86.Build.0 = Release|Any CPU
		{3E5A47CF-4655-47A7-9BC9-BE1466C8EE7A}.Debug|Any CPU.ActiveCfg = Debug|Any CPU
		{3E5A47CF-4655-47A7-9BC9-BE1466C8EE7A}.Debug|Any CPU.Build.0 = Debug|Any CPU
		{3E5A47CF-4655-47A7-9BC9-BE1466C8EE7A}.Debug|x64.ActiveCfg = Debug|Any CPU
		{3E5A47CF-4655-47A7-9BC9-BE1466C8EE7A}.Debug|x64.Build.0 = Debug|Any CPU
		{3E5A47CF-4655-47A7-9BC9-BE1466C8EE7A}.Debug|x86.ActiveCfg = Debug|Any CPU
		{3E5A47CF-4655-47A7-9BC9-BE1466C8EE7A}.Debug|x86.Build.0 = Debug|Any CPU
		{3E5A47CF-4655-47A7-9BC9-BE1466C8EE7A}.Release|Any CPU.ActiveCfg = Release|Any CPU
		{3E5A47CF-4655-47A7-9BC9-BE1466C8EE7A}.Release|Any CPU.Build.0 = Release|Any CPU
		{3E5A47CF-4655-47A7-9BC9-BE1466C8EE7A}.Release|x64.ActiveCfg = Release|Any CPU
		{3E5A47CF-4655-47A7-9BC9-BE1466C8EE7A}.Release|x64.Build.0 = Release|Any CPU
		{3E5A47CF-4655-47A7-9BC9-BE1466C8EE7A}.Release|x86.ActiveCfg = Release|Any CPU
		{3E5A47CF-4655-47A7-9BC9-BE1466C8EE7A}.Release|x86.Build.0 = Release|Any CPU
		{6B745923-64BD-4609-96CE-E26F86382547}.Debug|Any CPU.ActiveCfg = Debug|Any CPU
		{6B745923-64BD-4609-96CE-E26F86382547}.Debug|Any CPU.Build.0 = Debug|Any CPU
		{6B745923-64BD-4609-96CE-E26F86382547}.Debug|x64.ActiveCfg = Debug|Any CPU
		{6B745923-64BD-4609-96CE-E26F86382547}.Debug|x64.Build.0 = Debug|Any CPU
		{6B745923-64BD-4609-96CE-E26F86382547}.Debug|x86.ActiveCfg = Debug|Any CPU
		{6B745923-64BD-4609-96CE-E26F86382547}.Debug|x86.Build.0 = Debug|Any CPU
		{6B745923-64BD-4609-96CE-E26F86382547}.Release|Any CPU.ActiveCfg = Release|Any CPU
		{6B745923-64BD-4609-96CE-E26F86382547}.Release|Any CPU.Build.0 = Release|Any CPU
		{6B745923-64BD-4609-96CE-E26F86382547}.Release|x64.ActiveCfg = Release|Any CPU
		{6B745923-64BD-4609-96CE-E26F86382547}.Release|x64.Build.0 = Release|Any CPU
		{6B745923-64BD-4609-96CE-E26F86382547}.Release|x86.ActiveCfg = Release|Any CPU
		{6B745923-64BD-4609-96CE-E26F86382547}.Release|x86.Build.0 = Release|Any CPU
		{1F1D3BA7-5D03-4859-9183-B5D62D43DE4D}.Debug|Any CPU.ActiveCfg = Debug|Any CPU
		{1F1D3BA7-5D03-4859-9183-B5D62D43DE4D}.Debug|Any CPU.Build.0 = Debug|Any CPU
		{1F1D3BA7-5D03-4859-9183-B5D62D43DE4D}.Debug|x64.ActiveCfg = Debug|Any CPU
		{1F1D3BA7-5D03-4859-9183-B5D62D43DE4D}.Debug|x64.Build.0 = Debug|Any CPU
		{1F1D3BA7-5D03-4859-9183-B5D62D43DE4D}.Debug|x86.ActiveCfg = Debug|Any CPU
		{1F1D3BA7-5D03-4859-9183-B5D62D43DE4D}.Debug|x86.Build.0 = Debug|Any CPU
		{1F1D3BA7-5D03-4859-9183-B5D62D43DE4D}.Release|Any CPU.ActiveCfg = Release|Any CPU
		{1F1D3BA7-5D03-4859-9183-B5D62D43DE4D}.Release|Any CPU.Build.0 = Release|Any CPU
		{1F1D3BA7-5D03-4859-9183-B5D62D43DE4D}.Release|x64.ActiveCfg = Release|Any CPU
		{1F1D3BA7-5D03-4859-9183-B5D62D43DE4D}.Release|x64.Build.0 = Release|Any CPU
		{1F1D3BA7-5D03-4859-9183-B5D62D43DE4D}.Release|x86.ActiveCfg = Release|Any CPU
		{1F1D3BA7-5D03-4859-9183-B5D62D43DE4D}.Release|x86.Build.0 = Release|Any CPU
		{49BABCF9-5428-4943-9145-FBFB52A55755}.Debug|Any CPU.ActiveCfg = Debug|Any CPU
		{49BABCF9-5428-4943-9145-FBFB52A55755}.Debug|Any CPU.Build.0 = Debug|Any CPU
		{49BABCF9-5428-4943-9145-FBFB52A55755}.Debug|x64.ActiveCfg = Debug|Any CPU
		{49BABCF9-5428-4943-9145-FBFB52A55755}.Debug|x64.Build.0 = Debug|Any CPU
		{49BABCF9-5428-4943-9145-FBFB52A55755}.Debug|x86.ActiveCfg = Debug|Any CPU
		{49BABCF9-5428-4943-9145-FBFB52A55755}.Debug|x86.Build.0 = Debug|Any CPU
		{49BABCF9-5428-4943-9145-FBFB52A55755}.Release|Any CPU.ActiveCfg = Release|Any CPU
		{49BABCF9-5428-4943-9145-FBFB52A55755}.Release|Any CPU.Build.0 = Release|Any CPU
		{49BABCF9-5428-4943-9145-FBFB52A55755}.Release|x64.ActiveCfg = Release|Any CPU
		{49BABCF9-5428-4943-9145-FBFB52A55755}.Release|x64.Build.0 = Release|Any CPU
		{49BABCF9-5428-4943-9145-FBFB52A55755}.Release|x86.ActiveCfg = Release|Any CPU
		{49BABCF9-5428-4943-9145-FBFB52A55755}.Release|x86.Build.0 = Release|Any CPU
		{0DC08032-F2A1-42A5-A128-84796DCF63B3}.Debug|Any CPU.ActiveCfg = Debug|Any CPU
		{0DC08032-F2A1-42A5-A128-84796DCF63B3}.Debug|Any CPU.Build.0 = Debug|Any CPU
		{0DC08032-F2A1-42A5-A128-84796DCF63B3}.Debug|x64.ActiveCfg = Debug|Any CPU
		{0DC08032-F2A1-42A5-A128-84796DCF63B3}.Debug|x64.Build.0 = Debug|Any CPU
		{0DC08032-F2A1-42A5-A128-84796DCF63B3}.Debug|x86.ActiveCfg = Debug|Any CPU
		{0DC08032-F2A1-42A5-A128-84796DCF63B3}.Debug|x86.Build.0 = Debug|Any CPU
		{0DC08032-F2A1-42A5-A128-84796DCF63B3}.Release|Any CPU.ActiveCfg = Release|Any CPU
		{0DC08032-F2A1-42A5-A128-84796DCF63B3}.Release|Any CPU.Build.0 = Release|Any CPU
		{0DC08032-F2A1-42A5-A128-84796DCF63B3}.Release|x64.ActiveCfg = Release|Any CPU
		{0DC08032-F2A1-42A5-A128-84796DCF63B3}.Release|x64.Build.0 = Release|Any CPU
		{0DC08032-F2A1-42A5-A128-84796DCF63B3}.Release|x86.ActiveCfg = Release|Any CPU
		{0DC08032-F2A1-42A5-A128-84796DCF63B3}.Release|x86.Build.0 = Release|Any CPU
		{00E2C73F-CB61-4B54-99EE-A6BA52277480}.Debug|Any CPU.ActiveCfg = Debug|Any CPU
		{00E2C73F-CB61-4B54-99EE-A6BA52277480}.Debug|Any CPU.Build.0 = Debug|Any CPU
		{00E2C73F-CB61-4B54-99EE-A6BA52277480}.Debug|x64.ActiveCfg = Debug|Any CPU
		{00E2C73F-CB61-4B54-99EE-A6BA52277480}.Debug|x64.Build.0 = Debug|Any CPU
		{00E2C73F-CB61-4B54-99EE-A6BA52277480}.Debug|x86.ActiveCfg = Debug|Any CPU
		{00E2C73F-CB61-4B54-99EE-A6BA52277480}.Debug|x86.Build.0 = Debug|Any CPU
		{00E2C73F-CB61-4B54-99EE-A6BA52277480}.Release|Any CPU.ActiveCfg = Release|Any CPU
		{00E2C73F-CB61-4B54-99EE-A6BA52277480}.Release|Any CPU.Build.0 = Release|Any CPU
		{00E2C73F-CB61-4B54-99EE-A6BA52277480}.Release|x64.ActiveCfg = Release|Any CPU
		{00E2C73F-CB61-4B54-99EE-A6BA52277480}.Release|x64.Build.0 = Release|Any CPU
		{00E2C73F-CB61-4B54-99EE-A6BA52277480}.Release|x86.ActiveCfg = Release|Any CPU
		{00E2C73F-CB61-4B54-99EE-A6BA52277480}.Release|x86.Build.0 = Release|Any CPU
		{2F4B132D-0E55-4386-8182-3EBD72FCF1BF}.Debug|Any CPU.ActiveCfg = Debug|Any CPU
		{2F4B132D-0E55-4386-8182-3EBD72FCF1BF}.Debug|Any CPU.Build.0 = Debug|Any CPU
		{2F4B132D-0E55-4386-8182-3EBD72FCF1BF}.Debug|x64.ActiveCfg = Debug|Any CPU
		{2F4B132D-0E55-4386-8182-3EBD72FCF1BF}.Debug|x64.Build.0 = Debug|Any CPU
		{2F4B132D-0E55-4386-8182-3EBD72FCF1BF}.Debug|x86.ActiveCfg = Debug|Any CPU
		{2F4B132D-0E55-4386-8182-3EBD72FCF1BF}.Debug|x86.Build.0 = Debug|Any CPU
		{2F4B132D-0E55-4386-8182-3EBD72FCF1BF}.Release|Any CPU.ActiveCfg = Release|Any CPU
		{2F4B132D-0E55-4386-8182-3EBD72FCF1BF}.Release|Any CPU.Build.0 = Release|Any CPU
		{2F4B132D-0E55-4386-8182-3EBD72FCF1BF}.Release|x64.ActiveCfg = Release|Any CPU
		{2F4B132D-0E55-4386-8182-3EBD72FCF1BF}.Release|x64.Build.0 = Release|Any CPU
		{2F4B132D-0E55-4386-8182-3EBD72FCF1BF}.Release|x86.ActiveCfg = Release|Any CPU
		{2F4B132D-0E55-4386-8182-3EBD72FCF1BF}.Release|x86.Build.0 = Release|Any CPU
	EndGlobalSection
	GlobalSection(SolutionProperties) = preSolution
		HideSolutionNode = FALSE
	EndGlobalSection
	GlobalSection(NestedProjects) = preSolution
		{464E308B-4E40-A211-01B1-94BA5B42B88C} = {2720D787-EF6C-C77B-5BD3-B94404C41FD0}
		{2F4B132D-0E55-4386-8182-3EBD72FCF1BF} = {2720D787-EF6C-C77B-5BD3-B94404C41FD0}
	EndGlobalSection
	GlobalSection(ExtensibilityGlobals) = postSolution
		SolutionGuid = {34362AD1-89F8-441F-B053-2A30A31B86EB}
	EndGlobalSection
EndGlobal
